// !$*UTF8*$!
{
	archiveVersion = 1;
	classes = {
	};
	objectVersion = 46;
	objects = {

/* Begin PBXBuildFile section */
		7B08B0E1152E203E00EACAC5 /* OCCalendarView.m in Sources */ = {isa = PBXBuildFile; fileRef = 7B08B0DA152E203E00EACAC5 /* OCCalendarView.m */; };
		7B08B0E2152E203E00EACAC5 /* OCCalendarViewController.m in Sources */ = {isa = PBXBuildFile; fileRef = 7B08B0DC152E203E00EACAC5 /* OCCalendarViewController.m */; };
		7B08B0E3152E203E00EACAC5 /* OCDaysView.m in Sources */ = {isa = PBXBuildFile; fileRef = 7B08B0DE152E203E00EACAC5 /* OCDaysView.m */; };
		7B08B0E4152E203E00EACAC5 /* OCSelectionView.m in Sources */ = {isa = PBXBuildFile; fileRef = 7B08B0E0152E203E00EACAC5 /* OCSelectionView.m */; };
		B1558BDD152648CB00326469 /* UIKit.framework in Frameworks */ = {isa = PBXBuildFile; fileRef = B1558BDC152648CB00326469 /* UIKit.framework */; };
		B1558BDF152648CB00326469 /* Foundation.framework in Frameworks */ = {isa = PBXBuildFile; fileRef = B1558BDE152648CB00326469 /* Foundation.framework */; };
		B1558BE1152648CB00326469 /* CoreGraphics.framework in Frameworks */ = {isa = PBXBuildFile; fileRef = B1558BE0152648CB00326469 /* CoreGraphics.framework */; };
		B1558BE7152648CB00326469 /* InfoPlist.strings in Resources */ = {isa = PBXBuildFile; fileRef = B1558BE5152648CB00326469 /* InfoPlist.strings */; };
		B1558BE9152648CB00326469 /* main.m in Sources */ = {isa = PBXBuildFile; fileRef = B1558BE8152648CB00326469 /* main.m */; };
		B1558BED152648CB00326469 /* OCAppDelegate.m in Sources */ = {isa = PBXBuildFile; fileRef = B1558BEC152648CB00326469 /* OCAppDelegate.m */; };
		B1558BF0152648CB00326469 /* OCViewController.m in Sources */ = {isa = PBXBuildFile; fileRef = B1558BEF152648CB00326469 /* OCViewController.m */; };
		B1558BF3152648CB00326469 /* OCViewController.xib in Resources */ = {isa = PBXBuildFile; fileRef = B1558BF1152648CB00326469 /* OCViewController.xib */; };
		B1D629961526926D005F7283 /* QuartzCore.framework in Frameworks */ = {isa = PBXBuildFile; fileRef = B1D629951526926D005F7283 /* QuartzCore.framework */; };
/* End PBXBuildFile section */

/* Begin PBXFileReference section */
		7B08B0D9152E203E00EACAC5 /* OCCalendarView.h */ = {isa = PBXFileReference; fileEncoding = 4; lastKnownFileType = sourcecode.c.h; path = OCCalendarView.h; sourceTree = "<group>"; };
		7B08B0DA152E203E00EACAC5 /* OCCalendarView.m */ = {isa = PBXFileReference; fileEncoding = 4; lastKnownFileType = sourcecode.c.objc; path = OCCalendarView.m; sourceTree = "<group>"; };
		7B08B0DB152E203E00EACAC5 /* OCCalendarViewController.h */ = {isa = PBXFileReference; fileEncoding = 4; lastKnownFileType = sourcecode.c.h; path = OCCalendarViewController.h; sourceTree = "<group>"; };
		7B08B0DC152E203E00EACAC5 /* OCCalendarViewController.m */ = {isa = PBXFileReference; fileEncoding = 4; lastKnownFileType = sourcecode.c.objc; path = OCCalendarViewController.m; sourceTree = "<group>"; };
		7B08B0DD152E203E00EACAC5 /* OCDaysView.h */ = {isa = PBXFileReference; fileEncoding = 4; lastKnownFileType = sourcecode.c.h; path = OCDaysView.h; sourceTree = "<group>"; };
		7B08B0DE152E203E00EACAC5 /* OCDaysView.m */ = {isa = PBXFileReference; fileEncoding = 4; lastKnownFileType = sourcecode.c.objc; path = OCDaysView.m; sourceTree = "<group>"; };
		7B08B0DF152E203E00EACAC5 /* OCSelectionView.h */ = {isa = PBXFileReference; fileEncoding = 4; lastKnownFileType = sourcecode.c.h; path = OCSelectionView.h; sourceTree = "<group>"; };
		7B08B0E0152E203E00EACAC5 /* OCSelectionView.m */ = {isa = PBXFileReference; fileEncoding = 4; lastKnownFileType = sourcecode.c.objc; path = OCSelectionView.m; sourceTree = "<group>"; };
		B1558BD8152648CB00326469 /* OCCalendar.app */ = {isa = PBXFileReference; explicitFileType = wrapper.application; includeInIndex = 0; path = OCCalendar.app; sourceTree = BUILT_PRODUCTS_DIR; };
		B1558BDC152648CB00326469 /* UIKit.framework */ = {isa = PBXFileReference; lastKnownFileType = wrapper.framework; name = UIKit.framework; path = System/Library/Frameworks/UIKit.framework; sourceTree = SDKROOT; };
		B1558BDE152648CB00326469 /* Foundation.framework */ = {isa = PBXFileReference; lastKnownFileType = wrapper.framework; name = Foundation.framework; path = System/Library/Frameworks/Foundation.framework; sourceTree = SDKROOT; };
		B1558BE0152648CB00326469 /* CoreGraphics.framework */ = {isa = PBXFileReference; lastKnownFileType = wrapper.framework; name = CoreGraphics.framework; path = System/Library/Frameworks/CoreGraphics.framework; sourceTree = SDKROOT; };
		B1558BE4152648CB00326469 /* OCCalendar-Info.plist */ = {isa = PBXFileReference; lastKnownFileType = text.plist.xml; path = "OCCalendar-Info.plist"; sourceTree = "<group>"; };
		B1558BE6152648CB00326469 /* en */ = {isa = PBXFileReference; lastKnownFileType = text.plist.strings; name = en; path = en.lproj/InfoPlist.strings; sourceTree = "<group>"; };
		B1558BE8152648CB00326469 /* main.m */ = {isa = PBXFileReference; lastKnownFileType = sourcecode.c.objc; path = main.m; sourceTree = "<group>"; };
		B1558BEA152648CB00326469 /* OCCalendar-Prefix.pch */ = {isa = PBXFileReference; lastKnownFileType = sourcecode.c.h; path = "OCCalendar-Prefix.pch"; sourceTree = "<group>"; };
		B1558BEB152648CB00326469 /* OCAppDelegate.h */ = {isa = PBXFileReference; lastKnownFileType = sourcecode.c.h; path = OCAppDelegate.h; sourceTree = "<group>"; };
		B1558BEC152648CB00326469 /* OCAppDelegate.m */ = {isa = PBXFileReference; lastKnownFileType = sourcecode.c.objc; path = OCAppDelegate.m; sourceTree = "<group>"; };
		B1558BEE152648CB00326469 /* OCViewController.h */ = {isa = PBXFileReference; lastKnownFileType = sourcecode.c.h; path = OCViewController.h; sourceTree = "<group>"; };
		B1558BEF152648CB00326469 /* OCViewController.m */ = {isa = PBXFileReference; lastKnownFileType = sourcecode.c.objc; path = OCViewController.m; sourceTree = "<group>"; };
		B1558BF2152648CB00326469 /* en */ = {isa = PBXFileReference; lastKnownFileType = file.xib; name = en; path = en.lproj/OCViewController.xib; sourceTree = "<group>"; };
		B1D629951526926D005F7283 /* QuartzCore.framework */ = {isa = PBXFileReference; lastKnownFileType = wrapper.framework; name = QuartzCore.framework; path = System/Library/Frameworks/QuartzCore.framework; sourceTree = SDKROOT; };
/* End PBXFileReference section */

/* Begin PBXFrameworksBuildPhase section */
		B1558BD5152648CB00326469 /* Frameworks */ = {
			isa = PBXFrameworksBuildPhase;
			buildActionMask = 2147483647;
			files = (
				B1D629961526926D005F7283 /* QuartzCore.framework in Frameworks */,
				B1558BDD152648CB00326469 /* UIKit.framework in Frameworks */,
				B1558BDF152648CB00326469 /* Foundation.framework in Frameworks */,
				B1558BE1152648CB00326469 /* CoreGraphics.framework in Frameworks */,
			);
			runOnlyForDeploymentPostprocessing = 0;
		};
/* End PBXFrameworksBuildPhase section */

/* Begin PBXGroup section */
		7B08B0D8152E203E00EACAC5 /* OCCalendarView */ = {
			isa = PBXGroup;
			children = (
				7B08B0D9152E203E00EACAC5 /* OCCalendarView.h */,
				7B08B0DA152E203E00EACAC5 /* OCCalendarView.m */,
				7B08B0DB152E203E00EACAC5 /* OCCalendarViewController.h */,
				7B08B0DC152E203E00EACAC5 /* OCCalendarViewController.m */,
				7B08B0DD152E203E00EACAC5 /* OCDaysView.h */,
				7B08B0DE152E203E00EACAC5 /* OCDaysView.m */,
				7B08B0DF152E203E00EACAC5 /* OCSelectionView.h */,
				7B08B0E0152E203E00EACAC5 /* OCSelectionView.m */,
			);
			name = OCCalendarView;
			path = ../../OCCalendarView;
			sourceTree = "<group>";
		};
		B1558BCD152648CB00326469 = {
			isa = PBXGroup;
			children = (
				B1558BE2152648CB00326469 /* OCCalendar */,
				B1558BDB152648CB00326469 /* Frameworks */,
				B1558BD9152648CB00326469 /* Products */,
			);
			sourceTree = "<group>";
		};
		B1558BD9152648CB00326469 /* Products */ = {
			isa = PBXGroup;
			children = (
				B1558BD8152648CB00326469 /* OCCalendar.app */,
			);
			name = Products;
			sourceTree = "<group>";
		};
		B1558BDB152648CB00326469 /* Frameworks */ = {
			isa = PBXGroup;
			children = (
				B1D629951526926D005F7283 /* QuartzCore.framework */,
				B1558BDC152648CB00326469 /* UIKit.framework */,
				B1558BDE152648CB00326469 /* Foundation.framework */,
				B1558BE0152648CB00326469 /* CoreGraphics.framework */,
			);
			name = Frameworks;
			sourceTree = "<group>";
		};
		B1558BE2152648CB00326469 /* OCCalendar */ = {
			isa = PBXGroup;
			children = (
				B1558BEB152648CB00326469 /* OCAppDelegate.h */,
				B1558BEC152648CB00326469 /* OCAppDelegate.m */,
				B1558BEE152648CB00326469 /* OCViewController.h */,
				B1558BEF152648CB00326469 /* OCViewController.m */,
				B1558BF1152648CB00326469 /* OCViewController.xib */,
				7B08B0D8152E203E00EACAC5 /* OCCalendarView */,
				B1558BE3152648CB00326469 /* Supporting Files */,
			);
			path = OCCalendar;
			sourceTree = "<group>";
		};
		B1558BE3152648CB00326469 /* Supporting Files */ = {
			isa = PBXGroup;
			children = (
				B1558BE4152648CB00326469 /* OCCalendar-Info.plist */,
				B1558BE5152648CB00326469 /* InfoPlist.strings */,
				B1558BE8152648CB00326469 /* main.m */,
				B1558BEA152648CB00326469 /* OCCalendar-Prefix.pch */,
			);
			name = "Supporting Files";
			sourceTree = "<group>";
		};
/* End PBXGroup section */

/* Begin PBXNativeTarget section */
		B1558BD7152648CB00326469 /* OCCalendar */ = {
			isa = PBXNativeTarget;
			buildConfigurationList = B1558BF6152648CB00326469 /* Build configuration list for PBXNativeTarget "OCCalendar" */;
			buildPhases = (
				B1558BD4152648CB00326469 /* Sources */,
				B1558BD5152648CB00326469 /* Frameworks */,
				B1558BD6152648CB00326469 /* Resources */,
			);
			buildRules = (
			);
			dependencies = (
			);
			name = OCCalendar;
			productName = OCCalendar;
			productReference = B1558BD8152648CB00326469 /* OCCalendar.app */;
			productType = "com.apple.product-type.application";
		};
/* End PBXNativeTarget section */

/* Begin PBXProject section */
		B1558BCF152648CB00326469 /* Project object */ = {
			isa = PBXProject;
			attributes = {
				CLASSPREFIX = OC;
				LastUpgradeCheck = 0430;
				ORGANIZATIONNAME = "UC Berkeley";
			};
			buildConfigurationList = B1558BD2152648CB00326469 /* Build configuration list for PBXProject "OCCalendar" */;
			compatibilityVersion = "Xcode 3.2";
			developmentRegion = English;
			hasScannedForEncodings = 0;
			knownRegions = (
				en,
			);
			mainGroup = B1558BCD152648CB00326469;
			productRefGroup = B1558BD9152648CB00326469 /* Products */;
			projectDirPath = "";
			projectRoot = "";
			targets = (
				B1558BD7152648CB00326469 /* OCCalendar */,
			);
		};
/* End PBXProject section */

/* Begin PBXResourcesBuildPhase section */
		B1558BD6152648CB00326469 /* Resources */ = {
			isa = PBXResourcesBuildPhase;
			buildActionMask = 2147483647;
			files = (
				B1558BE7152648CB00326469 /* InfoPlist.strings in Resources */,
				B1558BF3152648CB00326469 /* OCViewController.xib in Resources */,
			);
			runOnlyForDeploymentPostprocessing = 0;
		};
/* End PBXResourcesBuildPhase section */

/* Begin PBXSourcesBuildPhase section */
		B1558BD4152648CB00326469 /* Sources */ = {
			isa = PBXSourcesBuildPhase;
			buildActionMask = 2147483647;
			files = (
				B1558BE9152648CB00326469 /* main.m in Sources */,
				B1558BED152648CB00326469 /* OCAppDelegate.m in Sources */,
				B1558BF0152648CB00326469 /* OCViewController.m in Sources */,
				7B08B0E1152E203E00EACAC5 /* OCCalendarView.m in Sources */,
				7B08B0E2152E203E00EACAC5 /* OCCalendarViewController.m in Sources */,
				7B08B0E3152E203E00EACAC5 /* OCDaysView.m in Sources */,
				7B08B0E4152E203E00EACAC5 /* OCSelectionView.m in Sources */,
			);
			runOnlyForDeploymentPostprocessing = 0;
		};
/* End PBXSourcesBuildPhase section */

/* Begin PBXVariantGroup section */
		B1558BE5152648CB00326469 /* InfoPlist.strings */ = {
			isa = PBXVariantGroup;
			children = (
				B1558BE6152648CB00326469 /* en */,
			);
			name = InfoPlist.strings;
			sourceTree = "<group>";
		};
		B1558BF1152648CB00326469 /* OCViewController.xib */ = {
			isa = PBXVariantGroup;
			children = (
				B1558BF2152648CB00326469 /* en */,
			);
			name = OCViewController.xib;
			sourceTree = "<group>";
		};
/* End PBXVariantGroup section */

/* Begin XCBuildConfiguration section */
		B1558BF4152648CB00326469 /* Debug */ = {
			isa = XCBuildConfiguration;
			buildSettings = {
				ALWAYS_SEARCH_USER_PATHS = NO;
				ARCHS = "$(ARCHS_STANDARD_32_BIT)";
				"CODE_SIGN_IDENTITY[sdk=iphoneos*]" = "iPhone Developer";
				COPY_PHASE_STRIP = NO;
				GCC_C_LANGUAGE_STANDARD = gnu99;
				GCC_DYNAMIC_NO_PIC = NO;
				GCC_OPTIMIZATION_LEVEL = 0;
				GCC_PREPROCESSOR_DEFINITIONS = (
					"DEBUG=1",
					"$(inherited)",
				);
				GCC_SYMBOLS_PRIVATE_EXTERN = NO;
				GCC_VERSION = com.apple.compilers.llvm.clang.1_0;
				GCC_WARN_ABOUT_RETURN_TYPE = YES;
				GCC_WARN_UNINITIALIZED_AUTOS = YES;
				GCC_WARN_UNUSED_VARIABLE = YES;
				IPHONEOS_DEPLOYMENT_TARGET = 5.1;
				SDKROOT = iphoneos;
				TARGETED_DEVICE_FAMILY = 2;
			};
			name = Debug;
		};
		B1558BF5152648CB00326469 /* Release */ = {
			isa = XCBuildConfiguration;
			buildSettings = {
				ALWAYS_SEARCH_USER_PATHS = NO;
				ARCHS = "$(ARCHS_STANDARD_32_BIT)";
				"CODE_SIGN_IDENTITY[sdk=iphoneos*]" = "iPhone Developer";
				COPY_PHASE_STRIP = YES;
				GCC_C_LANGUAGE_STANDARD = gnu99;
				GCC_VERSION = com.apple.compilers.llvm.clang.1_0;
				GCC_WARN_ABOUT_RETURN_TYPE = YES;
				GCC_WARN_UNINITIALIZED_AUTOS = YES;
				GCC_WARN_UNUSED_VARIABLE = YES;
				IPHONEOS_DEPLOYMENT_TARGET = 5.1;
				OTHER_CFLAGS = "-DNS_BLOCK_ASSERTIONS=1";
				SDKROOT = iphoneos;
				TARGETED_DEVICE_FAMILY = 2;
				VALIDATE_PRODUCT = YES;
			};
			name = Release;
		};
		B1558BF7152648CB00326469 /* Debug */ = {
			isa = XCBuildConfiguration;
			buildSettings = {
				GCC_PRECOMPILE_PREFIX_HEADER = YES;
				GCC_PREFIX_HEADER = "OCCalendar/OCCalendar-Prefix.pch";
				INFOPLIST_FILE = "OCCalendar/OCCalendar-Info.plist";
				PRODUCT_NAME = "$(TARGET_NAME)";
				TARGETED_DEVICE_FAMILY = "1,2";
				WRAPPER_EXTENSION = app;
			};
			name = Debug;
		};
		B1558BF8152648CB00326469 /* Release */ = {
			isa = XCBuildConfiguration;
			buildSettings = {
				GCC_PRECOMPILE_PREFIX_HEADER = YES;
				GCC_PREFIX_HEADER = "OCCalendar/OCCalendar-Prefix.pch";
				INFOPLIST_FILE = "OCCalendar/OCCalendar-Info.plist";
				PRODUCT_NAME = "$(TARGET_NAME)";
				TARGETED_DEVICE_FAMILY = "1,2";
				WRAPPER_EXTENSION = app;
			};
			name = Release;
		};
/* End XCBuildConfiguration section */

/* Begin XCConfigurationList section */
		B1558BD2152648CB00326469 /* Build configuration list for PBXProject "OCCalendar" */ = {
			isa = XCConfigurationList;
			buildConfigurations = (
				B1558BF4152648CB00326469 /* Debug */,
				B1558BF5152648CB00326469 /* Release */,
			);
			defaultConfigurationIsVisible = 0;
			defaultConfigurationName = Release;
		};
		B1558BF6152648CB00326469 /* Build configuration list for PBXNativeTarget "OCCalendar" */ = {
			isa = XCConfigurationList;
			buildConfigurations = (
				B1558BF7152648CB00326469 /* Debug */,
				B1558BF8152648CB00326469 /* Release */,
			);
			defaultConfigurationIsVisible = 0;
			defaultConfigurationName = Release;
		};
/* End XCConfigurationList section */
	};
	rootObject = B1558BCF152648CB00326469 /* Project object */;
}
